// !$*UTF8*$!
{
	archiveVersion = 1;
	classes = {
	};
	objectVersion = 56;
	objects = {

/* Begin PBXBuildFile section */
		3A92D4A12BDB78940033F7FE /* GameScene.swift in Sources */ = {isa = PBXBuildFile; fileRef = 3A92D4A02BDB78940033F7FE /* GameScene.swift */; };
		3A92D4A32BDB793D0033F7FE /* GyroManager.swift in Sources */ = {isa = PBXBuildFile; fileRef = 3A92D4A22BDB793D0033F7FE /* GyroManager.swift */; };
		AC3F16772BDB67BC000C8020 /* DeepDiveApp.swift in Sources */ = {isa = PBXBuildFile; fileRef = AC3F16762BDB67BC000C8020 /* DeepDiveApp.swift */; };
		AC3F16792BDB67BC000C8020 /* ContentView.swift in Sources */ = {isa = PBXBuildFile; fileRef = AC3F16782BDB67BC000C8020 /* ContentView.swift */; };
		AC3F167B2BDB67BE000C8020 /* Assets.xcassets in Resources */ = {isa = PBXBuildFile; fileRef = AC3F167A2BDB67BE000C8020 /* Assets.xcassets */; };
		AC3F167E2BDB67BE000C8020 /* Preview Assets.xcassets in Resources */ = {isa = PBXBuildFile; fileRef = AC3F167D2BDB67BE000C8020 /* Preview Assets.xcassets */; };
		AC4714012BDC0D9F007CD871 /* Constant.swift in Sources */ = {isa = PBXBuildFile; fileRef = AC4714002BDC0D9F007CD871 /* Constant.swift */; };
		AC4714092BDCE4CD007CD871 /* Utility.swift in Sources */ = {isa = PBXBuildFile; fileRef = AC4714082BDCE4CD007CD871 /* Utility.swift */; };
/* End PBXBuildFile section */

/* Begin PBXFileReference section */
		3A92D4A02BDB78940033F7FE /* GameScene.swift */ = {isa = PBXFileReference; lastKnownFileType = sourcecode.swift; path = GameScene.swift; sourceTree = "<group>"; };
		3A92D4A22BDB793D0033F7FE /* GyroManager.swift */ = {isa = PBXFileReference; lastKnownFileType = sourcecode.swift; path = GyroManager.swift; sourceTree = "<group>"; };
		AC3F16732BDB67BC000C8020 /* DeepDive.app */ = {isa = PBXFileReference; explicitFileType = wrapper.application; includeInIndex = 0; path = DeepDive.app; sourceTree = BUILT_PRODUCTS_DIR; };
		AC3F16762BDB67BC000C8020 /* DeepDiveApp.swift */ = {isa = PBXFileReference; lastKnownFileType = sourcecode.swift; path = DeepDiveApp.swift; sourceTree = "<group>"; };
		AC3F16782BDB67BC000C8020 /* ContentView.swift */ = {isa = PBXFileReference; lastKnownFileType = sourcecode.swift; path = ContentView.swift; sourceTree = "<group>"; };
		AC3F167A2BDB67BE000C8020 /* Assets.xcassets */ = {isa = PBXFileReference; lastKnownFileType = folder.assetcatalog; path = Assets.xcassets; sourceTree = "<group>"; };
		AC3F167D2BDB67BE000C8020 /* Preview Assets.xcassets */ = {isa = PBXFileReference; lastKnownFileType = folder.assetcatalog; path = "Preview Assets.xcassets"; sourceTree = "<group>"; };
		AC4714002BDC0D9F007CD871 /* Constant.swift */ = {isa = PBXFileReference; lastKnownFileType = sourcecode.swift; path = Constant.swift; sourceTree = "<group>"; };
		AC4714082BDCE4CD007CD871 /* Utility.swift */ = {isa = PBXFileReference; lastKnownFileType = sourcecode.swift; path = Utility.swift; sourceTree = "<group>"; };
/* End PBXFileReference section */

/* Begin PBXFrameworksBuildPhase section */
		AC3F16702BDB67BC000C8020 /* Frameworks */ = {
			isa = PBXFrameworksBuildPhase;
			buildActionMask = 2147483647;
			files = (
			);
			runOnlyForDeploymentPostprocessing = 0;
		};
/* End PBXFrameworksBuildPhase section */

/* Begin PBXGroup section */
		3A92D49F2BDB78870033F7FE /* Utils */ = {
			isa = PBXGroup;
			children = (
				3A92D4A22BDB793D0033F7FE /* GyroManager.swift */,
				AC4714002BDC0D9F007CD871 /* Constant.swift */,
				AC4714082BDCE4CD007CD871 /* Utility.swift */,
			);
			path = Utils;
			sourceTree = "<group>";
		};
		AC3F166A2BDB67BC000C8020 = {
			isa = PBXGroup;
			children = (
				AC3F16752BDB67BC000C8020 /* DeepDive */,
				AC3F16742BDB67BC000C8020 /* Products */,
			);
			sourceTree = "<group>";
		};
		AC3F16742BDB67BC000C8020 /* Products */ = {
			isa = PBXGroup;
			children = (
				AC3F16732BDB67BC000C8020 /* DeepDive.app */,
			);
			name = Products;
			sourceTree = "<group>";
		};
		AC3F16752BDB67BC000C8020 /* DeepDive */ = {
			isa = PBXGroup;
			children = (
				AC4713FF2BDC0D8C007CD871 /* Views */,
				3A92D49F2BDB78870033F7FE /* Utils */,
				AC3F16762BDB67BC000C8020 /* DeepDiveApp.swift */,
				AC3F167A2BDB67BE000C8020 /* Assets.xcassets */,
				AC3F167C2BDB67BE000C8020 /* Preview Content */,
			);
			path = DeepDive;
			sourceTree = "<group>";
		};
		AC3F167C2BDB67BE000C8020 /* Preview Content */ = {
			isa = PBXGroup;
			children = (
				AC3F167D2BDB67BE000C8020 /* Preview Assets.xcassets */,
			);
			path = "Preview Content";
			sourceTree = "<group>";
		};
		AC4713FF2BDC0D8C007CD871 /* Views */ = {
			isa = PBXGroup;
			children = (
				AC3F16782BDB67BC000C8020 /* ContentView.swift */,
				3A92D4A02BDB78940033F7FE /* GameScene.swift */,
			);
			path = Views;
			sourceTree = "<group>";
		};
/* End PBXGroup section */

/* Begin PBXNativeTarget section */
		AC3F16722BDB67BC000C8020 /* DeepDive */ = {
			isa = PBXNativeTarget;
			buildConfigurationList = AC3F16812BDB67BE000C8020 /* Build configuration list for PBXNativeTarget "DeepDive" */;
			buildPhases = (
				AC3F166F2BDB67BC000C8020 /* Sources */,
				AC3F16702BDB67BC000C8020 /* Frameworks */,
				AC3F16712BDB67BC000C8020 /* Resources */,
			);
			buildRules = (
			);
			dependencies = (
			);
			name = DeepDive;
			productName = DeepDive;
			productReference = AC3F16732BDB67BC000C8020 /* DeepDive.app */;
			productType = "com.apple.product-type.application";
		};
/* End PBXNativeTarget section */

/* Begin PBXProject section */
		AC3F166B2BDB67BC000C8020 /* Project object */ = {
			isa = PBXProject;
			attributes = {
				BuildIndependentTargetsInParallel = 1;
				LastSwiftUpdateCheck = 1530;
				LastUpgradeCheck = 1530;
				TargetAttributes = {
					AC3F16722BDB67BC000C8020 = {
						CreatedOnToolsVersion = 15.3;
					};
				};
			};
			buildConfigurationList = AC3F166E2BDB67BC000C8020 /* Build configuration list for PBXProject "DeepDive" */;
			compatibilityVersion = "Xcode 14.0";
			developmentRegion = en;
			hasScannedForEncodings = 0;
			knownRegions = (
				en,
				Base,
			);
			mainGroup = AC3F166A2BDB67BC000C8020;
			productRefGroup = AC3F16742BDB67BC000C8020 /* Products */;
			projectDirPath = "";
			projectRoot = "";
			targets = (
				AC3F16722BDB67BC000C8020 /* DeepDive */,
			);
		};
/* End PBXProject section */

/* Begin PBXResourcesBuildPhase section */
		AC3F16712BDB67BC000C8020 /* Resources */ = {
			isa = PBXResourcesBuildPhase;
			buildActionMask = 2147483647;
			files = (
				AC3F167E2BDB67BE000C8020 /* Preview Assets.xcassets in Resources */,
				AC3F167B2BDB67BE000C8020 /* Assets.xcassets in Resources */,
			);
			runOnlyForDeploymentPostprocessing = 0;
		};
/* End PBXResourcesBuildPhase section */

/* Begin PBXSourcesBuildPhase section */
		AC3F166F2BDB67BC000C8020 /* Sources */ = {
			isa = PBXSourcesBuildPhase;
			buildActionMask = 2147483647;
			files = (
				3A92D4A32BDB793D0033F7FE /* GyroManager.swift in Sources */,
				3A92D4A12BDB78940033F7FE /* GameScene.swift in Sources */,
				AC4714092BDCE4CD007CD871 /* Utility.swift in Sources */,
				AC4714012BDC0D9F007CD871 /* Constant.swift in Sources */,
				AC3F16792BDB67BC000C8020 /* ContentView.swift in Sources */,
				AC3F16772BDB67BC000C8020 /* DeepDiveApp.swift in Sources */,
			);
			runOnlyForDeploymentPostprocessing = 0;
		};
/* End PBXSourcesBuildPhase section */

/* Begin XCBuildConfiguration section */
		AC3F167F2BDB67BE000C8020 /* Debug */ = {
			isa = XCBuildConfiguration;
			buildSettings = {
				ALWAYS_SEARCH_USER_PATHS = NO;
				ASSETCATALOG_COMPILER_GENERATE_SWIFT_ASSET_SYMBOL_EXTENSIONS = YES;
				CLANG_ANALYZER_NONNULL = YES;
				CLANG_ANALYZER_NUMBER_OBJECT_CONVERSION = YES_AGGRESSIVE;
				CLANG_CXX_LANGUAGE_STANDARD = "gnu++20";
				CLANG_ENABLE_MODULES = YES;
				CLANG_ENABLE_OBJC_ARC = YES;
				CLANG_ENABLE_OBJC_WEAK = YES;
				CLANG_WARN_BLOCK_CAPTURE_AUTORELEASING = YES;
				CLANG_WARN_BOOL_CONVERSION = YES;
				CLANG_WARN_COMMA = YES;
				CLANG_WARN_CONSTANT_CONVERSION = YES;
				CLANG_WARN_DEPRECATED_OBJC_IMPLEMENTATIONS = YES;
				CLANG_WARN_DIRECT_OBJC_ISA_USAGE = YES_ERROR;
				CLANG_WARN_DOCUMENTATION_COMMENTS = YES;
				CLANG_WARN_EMPTY_BODY = YES;
				CLANG_WARN_ENUM_CONVERSION = YES;
				CLANG_WARN_INFINITE_RECURSION = YES;
				CLANG_WARN_INT_CONVERSION = YES;
				CLANG_WARN_NON_LITERAL_NULL_CONVERSION = YES;
				CLANG_WARN_OBJC_IMPLICIT_RETAIN_SELF = YES;
				CLANG_WARN_OBJC_LITERAL_CONVERSION = YES;
				CLANG_WARN_OBJC_ROOT_CLASS = YES_ERROR;
				CLANG_WARN_QUOTED_INCLUDE_IN_FRAMEWORK_HEADER = YES;
				CLANG_WARN_RANGE_LOOP_ANALYSIS = YES;
				CLANG_WARN_STRICT_PROTOTYPES = YES;
				CLANG_WARN_SUSPICIOUS_MOVE = YES;
				CLANG_WARN_UNGUARDED_AVAILABILITY = YES_AGGRESSIVE;
				CLANG_WARN_UNREACHABLE_CODE = YES;
				CLANG_WARN__DUPLICATE_METHOD_MATCH = YES;
				COPY_PHASE_STRIP = NO;
				DEBUG_INFORMATION_FORMAT = dwarf;
				ENABLE_STRICT_OBJC_MSGSEND = YES;
				ENABLE_TESTABILITY = YES;
				ENABLE_USER_SCRIPT_SANDBOXING = YES;
				GCC_C_LANGUAGE_STANDARD = gnu17;
				GCC_DYNAMIC_NO_PIC = NO;
				GCC_NO_COMMON_BLOCKS = YES;
				GCC_OPTIMIZATION_LEVEL = 0;
				GCC_PREPROCESSOR_DEFINITIONS = (
					"DEBUG=1",
					"$(inherited)",
				);
				GCC_WARN_64_TO_32_BIT_CONVERSION = YES;
				GCC_WARN_ABOUT_RETURN_TYPE = YES_ERROR;
				GCC_WARN_UNDECLARED_SELECTOR = YES;
				GCC_WARN_UNINITIALIZED_AUTOS = YES_AGGRESSIVE;
				GCC_WARN_UNUSED_FUNCTION = YES;
				GCC_WARN_UNUSED_VARIABLE = YES;
				IPHONEOS_DEPLOYMENT_TARGET = 17.4;
				LOCALIZATION_PREFERS_STRING_CATALOGS = YES;
				MTL_ENABLE_DEBUG_INFO = INCLUDE_SOURCE;
				MTL_FAST_MATH = YES;
				ONLY_ACTIVE_ARCH = YES;
				SDKROOT = iphoneos;
				SWIFT_ACTIVE_COMPILATION_CONDITIONS = "DEBUG $(inherited)";
				SWIFT_OPTIMIZATION_LEVEL = "-Onone";
			};
			name = Debug;
		};
		AC3F16802BDB67BE000C8020 /* Release */ = {
			isa = XCBuildConfiguration;
			buildSettings = {
				ALWAYS_SEARCH_USER_PATHS = NO;
				ASSETCATALOG_COMPILER_GENERATE_SWIFT_ASSET_SYMBOL_EXTENSIONS = YES;
				CLANG_ANALYZER_NONNULL = YES;
				CLANG_ANALYZER_NUMBER_OBJECT_CONVERSION = YES_AGGRESSIVE;
				CLANG_CXX_LANGUAGE_STANDARD = "gnu++20";
				CLANG_ENABLE_MODULES = YES;
				CLANG_ENABLE_OBJC_ARC = YES;
				CLANG_ENABLE_OBJC_WEAK = YES;
				CLANG_WARN_BLOCK_CAPTURE_AUTORELEASING = YES;
				CLANG_WARN_BOOL_CONVERSION = YES;
				CLANG_WARN_COMMA = YES;
				CLANG_WARN_CONSTANT_CONVERSION = YES;
				CLANG_WARN_DEPRECATED_OBJC_IMPLEMENTATIONS = YES;
				CLANG_WARN_DIRECT_OBJC_ISA_USAGE = YES_ERROR;
				CLANG_WARN_DOCUMENTATION_COMMENTS = YES;
				CLANG_WARN_EMPTY_BODY = YES;
				CLANG_WARN_ENUM_CONVERSION = YES;
				CLANG_WARN_INFINITE_RECURSION = YES;
				CLANG_WARN_INT_CONVERSION = YES;
				CLANG_WARN_NON_LITERAL_NULL_CONVERSION = YES;
				CLANG_WARN_OBJC_IMPLICIT_RETAIN_SELF = YES;
				CLANG_WARN_OBJC_LITERAL_CONVERSION = YES;
				CLANG_WARN_OBJC_ROOT_CLASS = YES_ERROR;
				CLANG_WARN_QUOTED_INCLUDE_IN_FRAMEWORK_HEADER = YES;
				CLANG_WARN_RANGE_LOOP_ANALYSIS = YES;
				CLANG_WARN_STRICT_PROTOTYPES = YES;
				CLANG_WARN_SUSPICIOUS_MOVE = YES;
				CLANG_WARN_UNGUARDED_AVAILABILITY = YES_AGGRESSIVE;
				CLANG_WARN_UNREACHABLE_CODE = YES;
				CLANG_WARN__DUPLICATE_METHOD_MATCH = YES;
				COPY_PHASE_STRIP = NO;
				DEBUG_INFORMATION_FORMAT = "dwarf-with-dsym";
				ENABLE_NS_ASSERTIONS = NO;
				ENABLE_STRICT_OBJC_MSGSEND = YES;
				ENABLE_USER_SCRIPT_SANDBOXING = YES;
				GCC_C_LANGUAGE_STANDARD = gnu17;
				GCC_NO_COMMON_BLOCKS = YES;
				GCC_WARN_64_TO_32_BIT_CONVERSION = YES;
				GCC_WARN_ABOUT_RETURN_TYPE = YES_ERROR;
				GCC_WARN_UNDECLARED_SELECTOR = YES;
				GCC_WARN_UNINITIALIZED_AUTOS = YES_AGGRESSIVE;
				GCC_WARN_UNUSED_FUNCTION = YES;
				GCC_WARN_UNUSED_VARIABLE = YES;
				IPHONEOS_DEPLOYMENT_TARGET = 17.4;
				LOCALIZATION_PREFERS_STRING_CATALOGS = YES;
				MTL_ENABLE_DEBUG_INFO = NO;
				MTL_FAST_MATH = YES;
				SDKROOT = iphoneos;
				SWIFT_COMPILATION_MODE = wholemodule;
				VALIDATE_PRODUCT = YES;
			};
			name = Release;
		};
		AC3F16822BDB67BE000C8020 /* Debug */ = {
			isa = XCBuildConfiguration;
			buildSettings = {
				ASSETCATALOG_COMPILER_APPICON_NAME = AppIcon;
				ASSETCATALOG_COMPILER_GLOBAL_ACCENT_COLOR_NAME = AccentColor;
				CODE_SIGN_STYLE = Automatic;
				CURRENT_PROJECT_VERSION = 1;
				DEVELOPMENT_ASSET_PATHS = "\"DeepDive/Preview Content\"";
				DEVELOPMENT_TEAM = RQC43WJC4G;
				ENABLE_PREVIEWS = YES;
				GENERATE_INFOPLIST_FILE = YES;
				INFOPLIST_KEY_UIApplicationSceneManifest_Generation = YES;
				INFOPLIST_KEY_UIApplicationSupportsIndirectInputEvents = YES;
				INFOPLIST_KEY_UILaunchScreen_Generation = YES;
				INFOPLIST_KEY_UISupportedInterfaceOrientations_iPad = "UIInterfaceOrientationPortrait UIInterfaceOrientationPortraitUpsideDown UIInterfaceOrientationLandscapeLeft UIInterfaceOrientationLandscapeRight";
				INFOPLIST_KEY_UISupportedInterfaceOrientations_iPhone = "UIInterfaceOrientationPortrait UIInterfaceOrientationLandscapeLeft UIInterfaceOrientationLandscapeRight";
				LD_RUNPATH_SEARCH_PATHS = (
					"$(inherited)",
					"@executable_path/Frameworks",
				);
				MARKETING_VERSION = 1.0;
				PRODUCT_BUNDLE_IDENTIFIER = andrew.DeepDive;
				PRODUCT_NAME = "$(TARGET_NAME)";
				SWIFT_EMIT_LOC_STRINGS = YES;
				SWIFT_VERSION = 5.0;
				TARGETED_DEVICE_FAMILY = "1,2";
			};
			name = Debug;
		};
		AC3F16832BDB67BE000C8020 /* Release */ = {
			isa = XCBuildConfiguration;
			buildSettings = {
				ASSETCATALOG_COMPILER_APPICON_NAME = AppIcon;
				ASSETCATALOG_COMPILER_GLOBAL_ACCENT_COLOR_NAME = AccentColor;
				CODE_SIGN_STYLE = Automatic;
				CURRENT_PROJECT_VERSION = 1;
				DEVELOPMENT_ASSET_PATHS = "\"DeepDive/Preview Content\"";
				DEVELOPMENT_TEAM = RQC43WJC4G;
				ENABLE_PREVIEWS = YES;
				GENERATE_INFOPLIST_FILE = YES;
				INFOPLIST_KEY_UIApplicationSceneManifest_Generation = YES;
				INFOPLIST_KEY_UIApplicationSupportsIndirectInputEvents = YES;
				INFOPLIST_KEY_UILaunchScreen_Generation = YES;
				INFOPLIST_KEY_UISupportedInterfaceOrientations_iPad = "UIInterfaceOrientationPortrait UIInterfaceOrientationPortraitUpsideDown UIInterfaceOrientationLandscapeLeft UIInterfaceOrientationLandscapeRight";
				INFOPLIST_KEY_UISupportedInterfaceOrientations_iPhone = "UIInterfaceOrientationPortrait UIInterfaceOrientationLandscapeLeft UIInterfaceOrientationLandscapeRight";
				LD_RUNPATH_SEARCH_PATHS = (
					"$(inherited)",
					"@executable_path/Frameworks",
				);
				MARKETING_VERSION = 1.0;
				PRODUCT_BUNDLE_IDENTIFIER = andrew.DeepDive;
				PRODUCT_NAME = "$(TARGET_NAME)";
				SWIFT_EMIT_LOC_STRINGS = YES;
				SWIFT_VERSION = 5.0;
				TARGETED_DEVICE_FAMILY = "1,2";
			};
			name = Release;
		};
/* End XCBuildConfiguration section */

/* Begin XCConfigurationList section */
		AC3F166E2BDB67BC000C8020 /* Build configuration list for PBXProject "DeepDive" */ = {
			isa = XCConfigurationList;
			buildConfigurations = (
				AC3F167F2BDB67BE000C8020 /* Debug */,
				AC3F16802BDB67BE000C8020 /* Release */,
			);
			defaultConfigurationIsVisible = 0;
			defaultConfigurationName = Release;
		};
		AC3F16812BDB67BE000C8020 /* Build configuration list for PBXNativeTarget "DeepDive" */ = {
			isa = XCConfigurationList;
			buildConfigurations = (
				AC3F16822BDB67BE000C8020 /* Debug */,
				AC3F16832BDB67BE000C8020 /* Release */,
			);
			defaultConfigurationIsVisible = 0;
			defaultConfigurationName = Release;
		};
/* End XCConfigurationList section */
	};
	rootObject = AC3F166B2BDB67BC000C8020 /* Project object */;
}
